
Microsoft Visual Studio Solution File, Format Version 12.00
# Visual Studio 15
VisualStudioVersion = 15.0.28307.572
MinimumVisualStudioVersion = 10.0.40219.1
Project("{FAE04EC0-301F-11D3-BF4B-00C04F79EFBC}") = "InlineEditingWebgrid", "InlineEditingWebgrid\InlineEditingWebgrid.csproj", "{3E61E553-C30D-48EE-AEDE-672EA383B21C}"
EndProject
Project("{FAE04EC0-301F-11D3-BF4B-00C04F79EFBC}") = "PagingSortingFilteringWebgrid", "PagingSortingFilteringWebgrid\PagingSortingFilteringWebgrid.csproj", "{61A384D6-2402-4FDA-AB58-931228312A75}"
EndProject
Global
	GlobalSection(SolutionConfigurationPlatforms) = preSolution
		Debug|Any CPU = Debug|Any CPU
		Release|Any CPU = Release|Any CPU
	EndGlobalSection
	GlobalSection(ProjectConfigurationPlatforms) = postSolution
		{3E61E553-C30D-48EE-AEDE-672EA383B21C}.Debug|Any CPU.ActiveCfg = Debug|Any CPU
		{3E61E553-C30D-48EE-AEDE-672EA383B21C}.Debug|Any CPU.Build.0 = Debug|Any CPU
		{3E61E553-C30D-48EE-AEDE-672EA383B21C}.Release|Any CPU.ActiveCfg = Release|Any CPU
		{3E61E553-C30D-48EE-AEDE-672EA383B21C}.Release|Any CPU.Build.0 = Release|Any CPU
		{61A384D6-2402-4FDA-AB58-931228312A75}.Debug|Any CPU.ActiveCfg = Debug|Any CPU
		{61A384D6-2402-4FDA-AB58-931228312A75}.Debug|Any CPU.Build.0 = Debug|Any CPU
		{61A384D6-2402-4FDA-AB58-931228312A75}.Release|Any CPU.ActiveCfg = Release|Any CPU
		{61A384D6-2402-4FDA-AB58-931228312A75}.Release|Any CPU.Build.0 = Release|Any CPU
	EndGlobalSection
	GlobalSection(SolutionProperties) = preSolution
		HideSolutionNode = FALSE
	EndGlobalSection
	GlobalSection(ExtensibilityGlobals) = postSolution
		SolutionGuid = {B628E42A-306F-4130-95FD-0B6FAC679F13}
	EndGlobalSection
EndGlobal
